
Microsoft Visual Studio Solution File, Format Version 12.00
# Visual Studio Version 17
VisualStudioVersion = 17.7.34221.43
MinimumVisualStudioVersion = 10.0.40219.1
Project("{FAE04EC0-301F-11D3-BF4B-00C04F79EFBC}") = "VP_Pract1User", "VP_Pract1\VP_Pract1User.csproj", "{8E8082C7-4200-4D40-9B41-73812D70B58D}"
EndProject
Global
	GlobalSection(SolutionConfigurationPlatforms) = preSolution
		Debug|Any CPU = Debug|Any CPU
		Release|Any CPU = Release|Any CPU
	EndGlobalSection
	GlobalSection(ProjectConfigurationPlatforms) = postSolution
		{8E8082C7-4200-4D40-9B41-73812D70B58D}.Debug|Any CPU.ActiveCfg = Debug|Any CPU
		{8E8082C7-4200-4D40-9B41-73812D70B58D}.Debug|Any CPU.Build.0 = Debug|Any CPU
		{8E8082C7-4200-4D40-9B41-73812D70B58D}.Release|Any CPU.ActiveCfg = Release|Any CPU
		{8E8082C7-4200-4D40-9B41-73812D70B58D}.Release|Any CPU.Build.0 = Release|Any CPU
	EndGlobalSection
	GlobalSection(SolutionProperties) = preSolution
		HideSolutionNode = FALSE
	EndGlobalSection
	GlobalSection(ExtensibilityGlobals) = postSolution
		SolutionGuid = {A3A4DDDC-2486-402F-817F-B0F7DB364CEE}
	EndGlobalSection
EndGlobal
