
Microsoft Visual Studio Solution File, Format Version 12.00
# Visual Studio Version 17
VisualStudioVersion = 17.8.34316.72
MinimumVisualStudioVersion = 10.0.40219.1
Project("{FAE04EC0-301F-11D3-BF4B-00C04F79EFBC}") = "UserUI", "UserUI\UserUI.csproj", "{9A298157-B673-489F-AE9A-34E396EE2F1C}"
EndProject
Global
	GlobalSection(SolutionConfigurationPlatforms) = preSolution
		Debug|Any CPU = Debug|Any CPU
		Release|Any CPU = Release|Any CPU
	EndGlobalSection
	GlobalSection(ProjectConfigurationPlatforms) = postSolution
		{9A298157-B673-489F-AE9A-34E396EE2F1C}.Debug|Any CPU.ActiveCfg = Debug|Any CPU
		{9A298157-B673-489F-AE9A-34E396EE2F1C}.Debug|Any CPU.Build.0 = Debug|Any CPU
		{9A298157-B673-489F-AE9A-34E396EE2F1C}.Release|Any CPU.ActiveCfg = Release|Any CPU
		{9A298157-B673-489F-AE9A-34E396EE2F1C}.Release|Any CPU.Build.0 = Release|Any CPU
	EndGlobalSection
	GlobalSection(SolutionProperties) = preSolution
		HideSolutionNode = FALSE
	EndGlobalSection
	GlobalSection(ExtensibilityGlobals) = postSolution
		SolutionGuid = {C8BAECE8-CD82-4B5D-936D-15B87E8D456D}
	EndGlobalSection
EndGlobal
